
Microsoft Visual Studio Solution File, Format Version 12.00
# Visual Studio 15
VisualStudioVersion = 15.0.28307.271
MinimumVisualStudioVersion = 10.0.40219.1
Project("{FAE04EC0-301F-11D3-BF4B-00C04F79EFBC}") = "Calculator", "Calculator\Calculator.csproj", "{07F7EA62-C4D9-4323-B6FB-51FA5D4E30CD}"
EndProject
Global
	GlobalSection(SolutionConfigurationPlatforms) = preSolution
		Debug|Any CPU = Debug|Any CPU
		Release|Any CPU = Release|Any CPU
	EndGlobalSection
	GlobalSection(ProjectConfigurationPlatforms) = postSolution
		{07F7EA62-C4D9-4323-B6FB-51FA5D4E30CD}.Debug|Any CPU.ActiveCfg = Debug|Any CPU
		{07F7EA62-C4D9-4323-B6FB-51FA5D4E30CD}.Debug|Any CPU.Build.0 = Debug|Any CPU
		{07F7EA62-C4D9-4323-B6FB-51FA5D4E30CD}.Release|Any CPU.ActiveCfg = Release|Any CPU
		{07F7EA62-C4D9-4323-B6FB-51FA5D4E30CD}.Release|Any CPU.Build.0 = Release|Any CPU
	EndGlobalSection
	GlobalSection(SolutionProperties) = preSolution
		HideSolutionNode = FALSE
	EndGlobalSection
	GlobalSection(ExtensibilityGlobals) = postSolution
		SolutionGuid = {14F176E8-E9FD-4B68-9875-C2669F3DCA0E}
	EndGlobalSection
EndGlobal
